<?xml version="1.0" encoding="utf-8"?>
<Project ToolsVersion="4.0" xmlns="http://schemas.microsoft.com/developer/msbuild/2003">
  <ItemGroup>
    <ClCompile Include="dllmain.cpp" />
    <ClCompile Include="imgui\imgui_draw.cpp">
      <Filter>imgui</Filter>
    </ClCompile>
    <ClCompile Include="imgui\imgui_impl_dx11.cpp">
      <Filter>imgui</Filter>
    </ClCompile>
    <ClCompile Include="imgui\imgui.cpp">
      <Filter>imgui</Filter>
    </ClCompile>
    <ClCompile Include="..\..\Dumper-7\4.16.0-3700114+++Fortnite+Release-Cert-FortniteGame\CppSDK\SDK\Basic.cpp">
      <Filter>Basic</Filter>
    </ClCompile>
    <ClCompile Include="..\..\Dumper-7\4.16.0-3700114+++Fortnite+Release-Cert-FortniteGame\CppSDK\SDK\CoreUObject_functions.cpp">
      <Filter>CoreUObject</Filter>
    </ClCompile>
    <ClCompile Include="..\..\Dumper-7\4.16.0-3700114+++Fortnite+Release-Cert-FortniteGame\CppSDK\SDK\Engine_functions.cpp">
      <Filter>Engine</Filter>
    </ClCompile>
    <ClCompile Include="..\..\Dumper-7\4.16.0-3700114+++Fortnite+Release-Cert-FortniteGame\CppSDK\SDK\FortniteGame_functions.cpp">
      <Filter>Fortnite</Filter>
    </ClCompile>
  </ItemGroup>
  <ItemGroup>
    <ClInclude Include="imgui\imgui_impl_dx11.h">
      <Filter>imgui</Filter>
    </ClInclude>
    <ClInclude Include="imgui\imgui_internal.h">
      <Filter>imgui</Filter>
    </ClInclude>
    <ClInclude Include="imgui\imgui.h">
      <Filter>imgui</Filter>
    </ClInclude>
    <ClInclude Include="actorloop.h">
      <Filter>loop</Filter>
    </ClInclude>
    <ClInclude Include="encrypt.h">
      <Filter>src</Filter>
    </ClInclude>
    <ClInclude Include="gui.h">
      <Filter>src</Filter>
    </ClInclude>
    <ClInclude Include="hooks.h">
      <Filter>src</Filter>
    </ClInclude>
    <ClInclude Include="include.h">
      <Filter>src</Filter>
    </ClInclude>
    <ClInclude Include="menu.h">
      <Filter>src</Filter>
    </ClInclude>
    <ClInclude Include="vector.h">
      <Filter>src</Filter>
    </ClInclude>
    <ClInclude Include="shit.h">
      <Filter>src</Filter>
    </ClInclude>
    <ClInclude Include="spoof_call.h">
      <Filter>src</Filter>
    </ClInclude>
    <ClInclude Include="imgui\stb_rect_pack.h">
      <Filter>src</Filter>
    </ClInclude>
    <ClInclude Include="imgui\stb_truetype.h">
      <Filter>shit</Filter>
    </ClInclude>
    <ClInclude Include="imgui\stb_textedit.h">
      <Filter>shit</Filter>
    </ClInclude>
    <ClInclude Include="safecall.h">
      <Filter>shit</Filter>
    </ClInclude>
    <ClInclude Include="itsjustai.h">
      <Filter>src</Filter>
    </ClInclude>
    <ClInclude Include="..\..\Dumper-7\4.16.0-3700114+++Fortnite+Release-Cert-FortniteGame\CppSDK\SDK\Basic.hpp">
      <Filter>Basic</Filter>
    </ClInclude>
    <ClInclude Include="..\..\Dumper-7\4.16.0-3700114+++Fortnite+Release-Cert-FortniteGame\CppSDK\SDK\CoreUObject_classes.hpp">
      <Filter>CoreUObject</Filter>
    </ClInclude>
    <ClInclude Include="..\..\Dumper-7\4.16.0-3700114+++Fortnite+Release-Cert-FortniteGame\CppSDK\SDK\CoreUObject_parameters.hpp">
      <Filter>CoreUObject</Filter>
    </ClInclude>
    <ClInclude Include="..\..\Dumper-7\4.16.0-3700114+++Fortnite+Release-Cert-FortniteGame\CppSDK\SDK\CoreUObject_structs.hpp">
      <Filter>CoreUObject</Filter>
    </ClInclude>
    <ClInclude Include="..\..\Dumper-7\4.16.0-3700114+++Fortnite+Release-Cert-FortniteGame\CppSDK\SDK\Engine_classes.hpp">
      <Filter>Engine</Filter>
    </ClInclude>
    <ClInclude Include="..\..\Dumper-7\4.16.0-3700114+++Fortnite+Release-Cert-FortniteGame\CppSDK\SDK\Engine_parameters.hpp">
      <Filter>Engine</Filter>
    </ClInclude>
    <ClInclude Include="..\..\Dumper-7\4.16.0-3700114+++Fortnite+Release-Cert-FortniteGame\CppSDK\SDK\Engine_structs.hpp">
      <Filter>Engine</Filter>
    </ClInclude>
    <ClInclude Include="..\..\Dumper-7\4.16.0-3700114+++Fortnite+Release-Cert-FortniteGame\CppSDK\SDK\FortniteGame_classes.hpp">
      <Filter>Fortnite</Filter>
    </ClInclude>
    <ClInclude Include="..\..\Dumper-7\4.16.0-3700114+++Fortnite+Release-Cert-FortniteGame\CppSDK\SDK\FortniteGame_parameters.hpp">
      <Filter>Fortnite</Filter>
    </ClInclude>
    <ClInclude Include="..\..\Dumper-7\4.16.0-3700114+++Fortnite+Release-Cert-FortniteGame\CppSDK\SDK\FortniteGame_structs.hpp">
      <Filter>Fortnite</Filter>
    </ClInclude>
    <ClInclude Include="..\..\Dumper-7\4.16.0-3700114+++Fortnite+Release-Cert-FortniteGame\CppSDK\PropertyFixup.hpp">
      <Filter>SDK</Filter>
    </ClInclude>
    <ClInclude Include="..\..\Dumper-7\4.16.0-3700114+++Fortnite+Release-Cert-FortniteGame\CppSDK\SDK.hpp">
      <Filter>SDK</Filter>
    </ClInclude>
    <ClInclude Include="..\..\Dumper-7\4.16.0-3700114+++Fortnite+Release-Cert-FortniteGame\CppSDK\UnrealContainers.hpp">
      <Filter>SDK</Filter>
    </ClInclude>
  </ItemGroup>
  <ItemGroup>
    <MASM Include="NtUserSendInput.asm">
      <Filter>asm</Filter>
    </MASM>
    <MASM Include="spoofinternal.asm">
      <Filter>asm</Filter>
    </MASM>
  </ItemGroup>
  <ItemGroup>
    <Filter Include="imgui">
      <UniqueIdentifier>{4b3af0cd-ddb2-4120-8a63-eef9c779cf9c}</UniqueIdentifier>
    </Filter>
    <Filter Include="loop">
      <UniqueIdentifier>{f27e09e5-4cdd-47e3-bad2-6c09098a111d}</UniqueIdentifier>
    </Filter>
    <Filter Include="src">
      <UniqueIdentifier>{813c6ad1-bc37-4dab-8521-2d52c1e1146b}</UniqueIdentifier>
    </Filter>
    <Filter Include="shit">
      <UniqueIdentifier>{317e6760-d76e-41dc-b32f-bd88008fea27}</UniqueIdentifier>
    </Filter>
    <Filter Include="asm">
      <UniqueIdentifier>{53033c1a-e01b-4365-a03d-ed2183cd1970}</UniqueIdentifier>
    </Filter>
    <Filter Include="SDK">
      <UniqueIdentifier>{da2985e5-0595-44a0-98fa-6beb5aaa41c2}</UniqueIdentifier>
    </Filter>
    <Filter Include="CoreUObject">
      <UniqueIdentifier>{718c1a72-d429-43b3-8c45-3940b59c979b}</UniqueIdentifier>
    </Filter>
    <Filter Include="Engine">
      <UniqueIdentifier>{efea12df-985f-479a-a88a-fa2a4130525b}</UniqueIdentifier>
    </Filter>
    <Filter Include="Fortnite">
      <UniqueIdentifier>{0bcf2e7a-d331-484f-aa4a-cbe77037cca0}</UniqueIdentifier>
    </Filter>
    <Filter Include="Basic">
      <UniqueIdentifier>{9daea1e5-0145-447f-b01a-10f4c5480a23}</UniqueIdentifier>
    </Filter>
  </ItemGroup>
  <ItemGroup>
    <None Include="..\..\Dumper-7\4.16.0-3700114+++Fortnite+Release-Cert-FortniteGame\CppSDK\NameCollisions.inl">
      <Filter>SDK</Filter>
    </None>
  </ItemGroup>
</Project>